<?xml version="1.0" encoding="utf-8"?>
<Project ToolsVersion="4.0" xmlns="http://schemas.microsoft.com/developer/msbuild/2003">
  <ItemGroup>
    <Filter Include="Resource Files">
      <UniqueIdentifier>{67DA6AB6-F800-4c08-8B7A-83BB121AAD01}</UniqueIdentifier>
      <Extensions>rc;ico;cur;bmp;dlg;rc2;rct;bin;rgs;gif;jpg;jpeg;jpe;resx;tiff;tif;png;wav;mfcribbon-ms</Extensions>
    </Filter>
    <Filter Include="Source Files">
      <UniqueIdentifier>{6cede3c1-622a-4ef2-9207-046e1d3775c4}</UniqueIdentifier>
    </Filter>
    <Filter Include="Header Files">
      <UniqueIdentifier>{f9d04fc8-801c-44af-b802-dc8c242593a6}</UniqueIdentifier>
    </Filter>
    <Filter Include="Header Files\messages">
      <UniqueIdentifier>{92a63d88-27ef-4942-88b6-d13ca6f3bf22}</UniqueIdentifier>
    </Filter>
    <Filter Include="Header Files\messages\sent">
      <UniqueIdentifier>{b94fd14a-5710-41d2-b6f0-3dbfb97a74f0}</UniqueIdentifier>
    </Filter>
    <Filter Include="Header Files\messages\received">
      <UniqueIdentifier>{a60ec422-7ae3-4d8c-b5fb-656d5be8b13b}</UniqueIdentifier>
    </Filter>
    <Filter Include="Source Files\messages">
      <UniqueIdentifier>{7aaeeced-5543-4e81-bfba-570c061cb5ad}</UniqueIdentifier>
    </Filter>
    <Filter Include="Source Files\messages\received">
      <UniqueIdentifier>{62ac9652-f7d8-4003-bb2c-bdf3df4dfdad}</UniqueIdentifier>
    </Filter>
    <Filter Include="Source Files\messages\sent">
      <UniqueIdentifier>{48515417-ca58-47ac-bf52-18d730af1129}</UniqueIdentifier>
    </Filter>
    <Filter Include="tests">
      <UniqueIdentifier>{b9c43af0-8899-4007-a6ce-808606a03f66}</UniqueIdentifier>
    </Filter>
    <Filter Include="Header Files\controllers">
      <UniqueIdentifier>{9ac7cfa9-5071-4256-831f-86ff18ea3ac5}</UniqueIdentifier>
    </Filter>
    <Filter Include="Source Files\controllers">
      <UniqueIdentifier>{14ac71c6-c893-4cc6-8f7a-38839824c7ea}</UniqueIdentifier>
    </Filter>
  </ItemGroup>
  <ItemGroup>
    <ClCompile Include="src\stdafx.cpp">
      <Filter>Source Files</Filter>
    </ClCompile>
    <ClCompile Include="src\messages\message_received_factory.cpp">
      <Filter>Source Files\messages</Filter>
    </ClCompile>
    <ClCompile Include="src\messages\received\access_denied.cpp">
      <Filter>Source Files\messages\received</Filter>
    </ClCompile>
    <ClCompile Include="src\messages\received\connected.cpp">
      <Filter>Source Files\messages\received</Filter>
    </ClCompile>
    <ClCompile Include="src\messages\received\hello_challenge.cpp">
      <Filter>Source Files\messages\received</Filter>
    </ClCompile>
    <ClCompile Include="src\messages\received\message_received.cpp">
      <Filter>Source Files\messages\received</Filter>
    </ClCompile>
    <ClCompile Include="src\messages\sent\challenge_reply.cpp">
      <Filter>Source Files\messages\sent</Filter>
    </ClCompile>
    <ClCompile Include="src\messages\empty_data_buffer_exception.cpp">
      <Filter>Source Files\messages</Filter>
    </ClCompile>
    <ClCompile Include="src\messages\sent\message_sent.cpp">
      <Filter>Source Files\messages\sent</Filter>
    </ClCompile>
    <ClCompile Include="src\messages\corrupted_message_exception.cpp">
      <Filter>Source Files\messages</Filter>
    </ClCompile>
    <ClCompile Include="src\messages\sent\hello.cpp">
      <Filter>Source Files\messages\sent</Filter>
    </ClCompile>
    <ClCompile Include="src\messages\sent\data.cpp">
      <Filter>Source Files\messages\sent</Filter>
    </ClCompile>
    <ClCompile Include="test\message_test.cpp">
      <Filter>tests</Filter>
    </ClCompile>
    <ClCompile Include="test\test_main.cpp">
      <Filter>tests</Filter>
    </ClCompile>
    <ClCompile Include="src\monitor-system-data-supplier.cpp">
      <Filter>Source Files</Filter>
    </ClCompile>
    <ClCompile Include="src\configuration.cpp">
      <Filter>Source Files</Filter>
    </ClCompile>
    <ClCompile Include="src\messages\sent\data_request.cpp">
      <Filter>Source Files\messages\sent</Filter>
    </ClCompile>
    <ClCompile Include="src\controllers\protocol_controller.cpp">
      <Filter>Source Files\controllers</Filter>
    </ClCompile>
    <ClCompile Include="src\controllers\tcp_socket_controller.cpp">
      <Filter>Source Files\controllers</Filter>
    </ClCompile>
    <ClCompile Include="src\controllers\udp_socket_controller.cpp">
      <Filter>Source Files\controllers</Filter>
    </ClCompile>
  </ItemGroup>
  <ItemGroup>
    <ClInclude Include="lib\stdafx.h">
      <Filter>Header Files</Filter>
    </ClInclude>
    <ClInclude Include="lib\targetver.h">
      <Filter>Header Files</Filter>
    </ClInclude>
    <ClInclude Include="lib\messages\empty_data_buffer_exception.h">
      <Filter>Header Files\messages</Filter>
    </ClInclude>
    <ClInclude Include="lib\messages\message_received_factory.h">
      <Filter>Header Files\messages</Filter>
    </ClInclude>
    <ClInclude Include="lib\messages\received\access_denied.h">
      <Filter>Header Files\messages\received</Filter>
    </ClInclude>
    <ClInclude Include="lib\messages\received\connected.h">
      <Filter>Header Files\messages\received</Filter>
    </ClInclude>
    <ClInclude Include="lib\messages\received\hello_challenge.h">
      <Filter>Header Files\messages\received</Filter>
    </ClInclude>
    <ClInclude Include="lib\messages\received\message_received.h">
      <Filter>Header Files\messages\received</Filter>
    </ClInclude>
    <ClInclude Include="lib\messages\sent\challenge_reply.h">
      <Filter>Header Files\messages\sent</Filter>
    </ClInclude>
    <ClInclude Include="lib\messages\sent\message_sent.h">
      <Filter>Header Files\messages\sent</Filter>
    </ClInclude>
    <ClInclude Include="lib\messages\sent\hello.h">
      <Filter>Header Files\messages\sent</Filter>
    </ClInclude>
    <ClInclude Include="lib\messages\sent\data.h">
      <Filter>Header Files\messages\sent</Filter>
    </ClInclude>
    <ClInclude Include="lib\messages\corrupted_message_exception.h">
      <Filter>Header Files\messages</Filter>
    </ClInclude>
    <ClInclude Include="lib\configuration.h">
      <Filter>Header Files</Filter>
    </ClInclude>
    <ClInclude Include="lib\messages\sent\data_request.h">
      <Filter>Header Files\messages\sent</Filter>
    </ClInclude>
    <ClInclude Include="lib\controllers\protocol_controller.h">
      <Filter>Header Files\controllers</Filter>
    </ClInclude>
    <ClInclude Include="lib\controllers\tcp_socket_controller.h">
      <Filter>Header Files\controllers</Filter>
    </ClInclude>
    <ClInclude Include="lib\controllers\udp_socket_controller.h">
      <Filter>Header Files\controllers</Filter>
    </ClInclude>
  </ItemGroup>
  <ItemGroup>
    <None Include="config.cfg" />
  </ItemGroup>
  <ItemGroup>
    <Text Include="ReadMe.txt" />
  </ItemGroup>
</Project>